// !$*UTF8*$!
{
	archiveVersion = 1;
	classes = {
	};
	objectVersion = 77;
	objects = {

/* Begin PBXBuildFile section */
		D24083332E89D8DD00A4EAF9 /* WebRTC in Frameworks */ = {isa = PBXBuildFile; productRef = D24083322E89D8DD00A4EAF9 /* WebRTC */; };
		D24083532E89DE5900A4EAF9 /* GRPCCodeGen in Frameworks */ = {isa = PBXBuildFile; productRef = D24083522E89DE5900A4EAF9 /* GRPCCodeGen */; };
		D24083552E89DE5900A4EAF9 /* GRPCCore in Frameworks */ = {isa = PBXBuildFile; productRef = D24083542E89DE5900A4EAF9 /* GRPCCore */; };
		D24083572E89DE5900A4EAF9 /* GRPCInProcessTransport in Frameworks */ = {isa = PBXBuildFile; productRef = D24083562E89DE5900A4EAF9 /* GRPCInProcessTransport */; };
		D240835A2E89DE7700A4EAF9 /* GRPCNIOTransportHTTP2 in Frameworks */ = {isa = PBXBuildFile; productRef = D24083592E89DE7700A4EAF9 /* GRPCNIOTransportHTTP2 */; };
		D240835C2E89DE7700A4EAF9 /* GRPCNIOTransportHTTP2Posix in Frameworks */ = {isa = PBXBuildFile; productRef = D240835B2E89DE7700A4EAF9 /* GRPCNIOTransportHTTP2Posix */; };
		D240835E2E89DE7700A4EAF9 /* GRPCNIOTransportHTTP2TransportServices in Frameworks */ = {isa = PBXBuildFile; productRef = D240835D2E89DE7700A4EAF9 /* GRPCNIOTransportHTTP2TransportServices */; };
		D24083612E89E00A00A4EAF9 /* GRPCProtobuf in Frameworks */ = {isa = PBXBuildFile; productRef = D24083602E89E00A00A4EAF9 /* GRPCProtobuf */; };
		D27BCBE02E89CF6500AD204E /* NIO in Frameworks */ = {isa = PBXBuildFile; productRef = D27BCBDF2E89CF6500AD204E /* NIO */; };
		D27BCBE22E89CF6500AD204E /* NIOConcurrencyHelpers in Frameworks */ = {isa = PBXBuildFile; productRef = D27BCBE12E89CF6500AD204E /* NIOConcurrencyHelpers */; };
		D27BCBE42E89CF6500AD204E /* NIOCore in Frameworks */ = {isa = PBXBuildFile; productRef = D27BCBE32E89CF6500AD204E /* NIOCore */; };
		D27BCBE62E89CF6500AD204E /* NIOEmbedded in Frameworks */ = {isa = PBXBuildFile; productRef = D27BCBE52E89CF6500AD204E /* NIOEmbedded */; };
		D27BCBE82E89CF6500AD204E /* NIOFoundationCompat in Frameworks */ = {isa = PBXBuildFile; productRef = D27BCBE72E89CF6500AD204E /* NIOFoundationCompat */; };
/* End PBXBuildFile section */

/* Begin PBXFileReference section */
		D28F11AD2E88C61B009DD4AF /* VideoDemoClient.app */ = {isa = PBXFileReference; explicitFileType = wrapper.application; includeInIndex = 0; path = VideoDemoClient.app; sourceTree = BUILT_PRODUCTS_DIR; };
/* End PBXFileReference section */

/* Begin PBXFileSystemSynchronizedRootGroup section */
		D28F11AF2E88C61B009DD4AF /* VideoDemoClient */ = {
			isa = PBXFileSystemSynchronizedRootGroup;
			path = VideoDemoClient;
			sourceTree = "<group>";
		};
/* End PBXFileSystemSynchronizedRootGroup section */

/* Begin PBXFrameworksBuildPhase section */
		D28F11AA2E88C61B009DD4AF /* Frameworks */ = {
			isa = PBXFrameworksBuildPhase;
			buildActionMask = 2147483647;
			files = (
				D240835E2E89DE7700A4EAF9 /* GRPCNIOTransportHTTP2TransportServices in Frameworks */,
				D27BCBE22E89CF6500AD204E /* NIOConcurrencyHelpers in Frameworks */,
				D24083332E89D8DD00A4EAF9 /* WebRTC in Frameworks */,
				D27BCBE02E89CF6500AD204E /* NIO in Frameworks */,
				D24083532E89DE5900A4EAF9 /* GRPCCodeGen in Frameworks */,
				D27BCBE82E89CF6500AD204E /* NIOFoundationCompat in Frameworks */,
				D24083612E89E00A00A4EAF9 /* GRPCProtobuf in Frameworks */,
				D240835A2E89DE7700A4EAF9 /* GRPCNIOTransportHTTP2 in Frameworks */,
				D27BCBE42E89CF6500AD204E /* NIOCore in Frameworks */,
				D24083552E89DE5900A4EAF9 /* GRPCCore in Frameworks */,
				D240835C2E89DE7700A4EAF9 /* GRPCNIOTransportHTTP2Posix in Frameworks */,
				D24083572E89DE5900A4EAF9 /* GRPCInProcessTransport in Frameworks */,
				D27BCBE62E89CF6500AD204E /* NIOEmbedded in Frameworks */,
			);
			runOnlyForDeploymentPostprocessing = 0;
		};
/* End PBXFrameworksBuildPhase section */

/* Begin PBXGroup section */
		D27BCBE92E89CFB100AD204E /* Frameworks */ = {
			isa = PBXGroup;
			children = (
			);
			name = Frameworks;
			sourceTree = "<group>";
		};
		D28F11A42E88C61B009DD4AF = {
			isa = PBXGroup;
			children = (
				D28F11AF2E88C61B009DD4AF /* VideoDemoClient */,
				D27BCBE92E89CFB100AD204E /* Frameworks */,
				D28F11AE2E88C61B009DD4AF /* Products */,
			);
			sourceTree = "<group>";
		};
		D28F11AE2E88C61B009DD4AF /* Products */ = {
			isa = PBXGroup;
			children = (
				D28F11AD2E88C61B009DD4AF /* VideoDemoClient.app */,
			);
			name = Products;
			sourceTree = "<group>";
		};
/* End PBXGroup section */

/* Begin PBXNativeTarget section */
		D28F11AC2E88C61B009DD4AF /* VideoDemoClient */ = {
			isa = PBXNativeTarget;
			buildConfigurationList = D28F11BA2E88C61C009DD4AF /* Build configuration list for PBXNativeTarget "VideoDemoClient" */;
			buildPhases = (
				D28F11A92E88C61B009DD4AF /* Sources */,
				D28F11AA2E88C61B009DD4AF /* Frameworks */,
				D28F11AB2E88C61B009DD4AF /* Resources */,
			);
			buildRules = (
			);
			dependencies = (
			);
			fileSystemSynchronizedGroups = (
				D28F11AF2E88C61B009DD4AF /* VideoDemoClient */,
			);
			name = VideoDemoClient;
			packageProductDependencies = (
				D27BCBDF2E89CF6500AD204E /* NIO */,
				D27BCBE12E89CF6500AD204E /* NIOConcurrencyHelpers */,
				D27BCBE32E89CF6500AD204E /* NIOCore */,
				D27BCBE52E89CF6500AD204E /* NIOEmbedded */,
				D27BCBE72E89CF6500AD204E /* NIOFoundationCompat */,
				D24083322E89D8DD00A4EAF9 /* WebRTC */,
				D24083522E89DE5900A4EAF9 /* GRPCCodeGen */,
				D24083542E89DE5900A4EAF9 /* GRPCCore */,
				D24083562E89DE5900A4EAF9 /* GRPCInProcessTransport */,
				D24083592E89DE7700A4EAF9 /* GRPCNIOTransportHTTP2 */,
				D240835B2E89DE7700A4EAF9 /* GRPCNIOTransportHTTP2Posix */,
				D240835D2E89DE7700A4EAF9 /* GRPCNIOTransportHTTP2TransportServices */,
				D24083602E89E00A00A4EAF9 /* GRPCProtobuf */,
			);
			productName = VideoDemoClient;
			productReference = D28F11AD2E88C61B009DD4AF /* VideoDemoClient.app */;
			productType = "com.apple.product-type.application";
		};
/* End PBXNativeTarget section */

/* Begin PBXProject section */
		D28F11A52E88C61B009DD4AF /* Project object */ = {
			isa = PBXProject;
			attributes = {
				BuildIndependentTargetsInParallel = 1;
				LastSwiftUpdateCheck = 1640;
				LastUpgradeCheck = 1640;
				TargetAttributes = {
					D28F11AC2E88C61B009DD4AF = {
						CreatedOnToolsVersion = 16.4;
					};
				};
			};
			buildConfigurationList = D28F11A82E88C61B009DD4AF /* Build configuration list for PBXProject "VideoDemoClient" */;
			developmentRegion = en;
			hasScannedForEncodings = 0;
			knownRegions = (
				en,
				Base,
			);
			mainGroup = D28F11A42E88C61B009DD4AF;
			minimizedProjectReferenceProxies = 1;
			packageReferences = (
				D27BCBDE2E89CF6500AD204E /* XCRemoteSwiftPackageReference "swift-nio" */,
				D24083312E89D8DD00A4EAF9 /* XCRemoteSwiftPackageReference "WebRTC" */,
				D24083512E89DE5900A4EAF9 /* XCRemoteSwiftPackageReference "grpc-swift-2" */,
				D24083582E89DE7700A4EAF9 /* XCRemoteSwiftPackageReference "grpc-swift-nio-transport" */,
				D240835F2E89E00A00A4EAF9 /* XCRemoteSwiftPackageReference "grpc-swift-protobuf" */,
			);
			preferredProjectObjectVersion = 77;
			productRefGroup = D28F11AE2E88C61B009DD4AF /* Products */;
			projectDirPath = "";
			projectRoot = "";
			targets = (
				D28F11AC2E88C61B009DD4AF /* VideoDemoClient */,
			);
		};
/* End PBXProject section */

/* Begin PBXResourcesBuildPhase section */
		D28F11AB2E88C61B009DD4AF /* Resources */ = {
			isa = PBXResourcesBuildPhase;
			buildActionMask = 2147483647;
			files = (
			);
			runOnlyForDeploymentPostprocessing = 0;
		};
/* End PBXResourcesBuildPhase section */

/* Begin PBXSourcesBuildPhase section */
		D28F11A92E88C61B009DD4AF /* Sources */ = {
			isa = PBXSourcesBuildPhase;
			buildActionMask = 2147483647;
			files = (
			);
			runOnlyForDeploymentPostprocessing = 0;
		};
/* End PBXSourcesBuildPhase section */

/* Begin XCBuildConfiguration section */
		D28F11B82E88C61C009DD4AF /* Debug */ = {
			isa = XCBuildConfiguration;
			buildSettings = {
				ALWAYS_SEARCH_USER_PATHS = NO;
				ASSETCATALOG_COMPILER_GENERATE_SWIFT_ASSET_SYMBOL_EXTENSIONS = YES;
				CLANG_ANALYZER_NONNULL = YES;
				CLANG_ANALYZER_NUMBER_OBJECT_CONVERSION = YES_AGGRESSIVE;
				CLANG_CXX_LANGUAGE_STANDARD = "gnu++20";
				CLANG_ENABLE_MODULES = YES;
				CLANG_ENABLE_OBJC_ARC = YES;
				CLANG_ENABLE_OBJC_WEAK = YES;
				CLANG_WARN_BLOCK_CAPTURE_AUTORELEASING = YES;
				CLANG_WARN_BOOL_CONVERSION = YES;
				CLANG_WARN_COMMA = YES;
				CLANG_WARN_CONSTANT_CONVERSION = YES;
				CLANG_WARN_DEPRECATED_OBJC_IMPLEMENTATIONS = YES;
				CLANG_WARN_DIRECT_OBJC_ISA_USAGE = YES_ERROR;
				CLANG_WARN_DOCUMENTATION_COMMENTS = YES;
				CLANG_WARN_EMPTY_BODY = YES;
				CLANG_WARN_ENUM_CONVERSION = YES;
				CLANG_WARN_INFINITE_RECURSION = YES;
				CLANG_WARN_INT_CONVERSION = YES;
				CLANG_WARN_NON_LITERAL_NULL_CONVERSION = YES;
				CLANG_WARN_OBJC_IMPLICIT_RETAIN_SELF = YES;
				CLANG_WARN_OBJC_LITERAL_CONVERSION = YES;
				CLANG_WARN_OBJC_ROOT_CLASS = YES_ERROR;
				CLANG_WARN_QUOTED_INCLUDE_IN_FRAMEWORK_HEADER = YES;
				CLANG_WARN_RANGE_LOOP_ANALYSIS = YES;
				CLANG_WARN_STRICT_PROTOTYPES = YES;
				CLANG_WARN_SUSPICIOUS_MOVE = YES;
				CLANG_WARN_UNGUARDED_AVAILABILITY = YES_AGGRESSIVE;
				CLANG_WARN_UNREACHABLE_CODE = YES;
				CLANG_WARN__DUPLICATE_METHOD_MATCH = YES;
				COPY_PHASE_STRIP = NO;
				DEBUG_INFORMATION_FORMAT = dwarf;
				DEVELOPMENT_TEAM = AQQUQ4HP7N;
				ENABLE_STRICT_OBJC_MSGSEND = YES;
				ENABLE_TESTABILITY = YES;
				ENABLE_USER_SCRIPT_SANDBOXING = YES;
				GCC_C_LANGUAGE_STANDARD = gnu17;
				GCC_DYNAMIC_NO_PIC = NO;
				GCC_NO_COMMON_BLOCKS = YES;
				GCC_OPTIMIZATION_LEVEL = 0;
				GCC_PREPROCESSOR_DEFINITIONS = (
					"DEBUG=1",
					"$(inherited)",
				);
				GCC_WARN_64_TO_32_BIT_CONVERSION = YES;
				GCC_WARN_ABOUT_RETURN_TYPE = YES_ERROR;
				GCC_WARN_UNDECLARED_SELECTOR = YES;
				GCC_WARN_UNINITIALIZED_AUTOS = YES_AGGRESSIVE;
				GCC_WARN_UNUSED_FUNCTION = YES;
				GCC_WARN_UNUSED_VARIABLE = YES;
				IPHONEOS_DEPLOYMENT_TARGET = 18.5;
				LOCALIZATION_PREFERS_STRING_CATALOGS = YES;
				MTL_ENABLE_DEBUG_INFO = INCLUDE_SOURCE;
				MTL_FAST_MATH = YES;
				ONLY_ACTIVE_ARCH = YES;
				SDKROOT = iphoneos;
				SWIFT_ACTIVE_COMPILATION_CONDITIONS = "DEBUG $(inherited)";
				SWIFT_OPTIMIZATION_LEVEL = "-Onone";
			};
			name = Debug;
		};
		D28F11B92E88C61C009DD4AF /* Release */ = {
			isa = XCBuildConfiguration;
			buildSettings = {
				ALWAYS_SEARCH_USER_PATHS = NO;
				ASSETCATALOG_COMPILER_GENERATE_SWIFT_ASSET_SYMBOL_EXTENSIONS = YES;
				CLANG_ANALYZER_NONNULL = YES;
				CLANG_ANALYZER_NUMBER_OBJECT_CONVERSION = YES_AGGRESSIVE;
				CLANG_CXX_LANGUAGE_STANDARD = "gnu++20";
				CLANG_ENABLE_MODULES = YES;
				CLANG_ENABLE_OBJC_ARC = YES;
				CLANG_ENABLE_OBJC_WEAK = YES;
				CLANG_WARN_BLOCK_CAPTURE_AUTORELEASING = YES;
				CLANG_WARN_BOOL_CONVERSION = YES;
				CLANG_WARN_COMMA = YES;
				CLANG_WARN_CONSTANT_CONVERSION = YES;
				CLANG_WARN_DEPRECATED_OBJC_IMPLEMENTATIONS = YES;
				CLANG_WARN_DIRECT_OBJC_ISA_USAGE = YES_ERROR;
				CLANG_WARN_DOCUMENTATION_COMMENTS = YES;
				CLANG_WARN_EMPTY_BODY = YES;
				CLANG_WARN_ENUM_CONVERSION = YES;
				CLANG_WARN_INFINITE_RECURSION = YES;
				CLANG_WARN_INT_CONVERSION = YES;
				CLANG_WARN_NON_LITERAL_NULL_CONVERSION = YES;
				CLANG_WARN_OBJC_IMPLICIT_RETAIN_SELF = YES;
				CLANG_WARN_OBJC_LITERAL_CONVERSION = YES;
				CLANG_WARN_OBJC_ROOT_CLASS = YES_ERROR;
				CLANG_WARN_QUOTED_INCLUDE_IN_FRAMEWORK_HEADER = YES;
				CLANG_WARN_RANGE_LOOP_ANALYSIS = YES;
				CLANG_WARN_STRICT_PROTOTYPES = YES;
				CLANG_WARN_SUSPICIOUS_MOVE = YES;
				CLANG_WARN_UNGUARDED_AVAILABILITY = YES_AGGRESSIVE;
				CLANG_WARN_UNREACHABLE_CODE = YES;
				CLANG_WARN__DUPLICATE_METHOD_MATCH = YES;
				COPY_PHASE_STRIP = NO;
				DEBUG_INFORMATION_FORMAT = "dwarf-with-dsym";
				DEVELOPMENT_TEAM = AQQUQ4HP7N;
				ENABLE_NS_ASSERTIONS = NO;
				ENABLE_STRICT_OBJC_MSGSEND = YES;
				ENABLE_USER_SCRIPT_SANDBOXING = YES;
				GCC_C_LANGUAGE_STANDARD = gnu17;
				GCC_NO_COMMON_BLOCKS = YES;
				GCC_WARN_64_TO_32_BIT_CONVERSION = YES;
				GCC_WARN_ABOUT_RETURN_TYPE = YES_ERROR;
				GCC_WARN_UNDECLARED_SELECTOR = YES;
				GCC_WARN_UNINITIALIZED_AUTOS = YES_AGGRESSIVE;
				GCC_WARN_UNUSED_FUNCTION = YES;
				GCC_WARN_UNUSED_VARIABLE = YES;
				IPHONEOS_DEPLOYMENT_TARGET = 18.5;
				LOCALIZATION_PREFERS_STRING_CATALOGS = YES;
				MTL_ENABLE_DEBUG_INFO = NO;
				MTL_FAST_MATH = YES;
				SDKROOT = iphoneos;
				SWIFT_COMPILATION_MODE = wholemodule;
				VALIDATE_PRODUCT = YES;
			};
			name = Release;
		};
		D28F11BB2E88C61C009DD4AF /* Debug */ = {
			isa = XCBuildConfiguration;
			buildSettings = {
				ASSETCATALOG_COMPILER_APPICON_NAME = AppIcon;
				ASSETCATALOG_COMPILER_GLOBAL_ACCENT_COLOR_NAME = AccentColor;
				CODE_SIGN_STYLE = Automatic;
				CURRENT_PROJECT_VERSION = 1;
				DEVELOPMENT_TEAM = AQQUQ4HP7N;
				ENABLE_PREVIEWS = YES;
				GENERATE_INFOPLIST_FILE = YES;
				INFOPLIST_KEY_UIApplicationSceneManifest_Generation = YES;
				INFOPLIST_KEY_UIApplicationSupportsIndirectInputEvents = YES;
				INFOPLIST_KEY_UILaunchScreen_Generation = YES;
				INFOPLIST_KEY_UISupportedInterfaceOrientations_iPad = "UIInterfaceOrientationPortrait UIInterfaceOrientationPortraitUpsideDown UIInterfaceOrientationLandscapeLeft UIInterfaceOrientationLandscapeRight";
				INFOPLIST_KEY_UISupportedInterfaceOrientations_iPhone = "UIInterfaceOrientationPortrait UIInterfaceOrientationLandscapeLeft UIInterfaceOrientationLandscapeRight";
				LD_RUNPATH_SEARCH_PATHS = (
					"$(inherited)",
					"@executable_path/Frameworks",
				);
				MARKETING_VERSION = 1.0;
				PRODUCT_BUNDLE_IDENTIFIER = hailey.VideoDemoClient;
				PRODUCT_NAME = "$(TARGET_NAME)";
				SWIFT_EMIT_LOC_STRINGS = YES;
				SWIFT_VERSION = 5.0;
				TARGETED_DEVICE_FAMILY = "1,2";
			};
			name = Debug;
		};
		D28F11BC2E88C61C009DD4AF /* Release */ = {
			isa = XCBuildConfiguration;
			buildSettings = {
				ASSETCATALOG_COMPILER_APPICON_NAME = AppIcon;
				ASSETCATALOG_COMPILER_GLOBAL_ACCENT_COLOR_NAME = AccentColor;
				CODE_SIGN_STYLE = Automatic;
				CURRENT_PROJECT_VERSION = 1;
				DEVELOPMENT_TEAM = AQQUQ4HP7N;
				ENABLE_PREVIEWS = YES;
				GENERATE_INFOPLIST_FILE = YES;
				INFOPLIST_KEY_UIApplicationSceneManifest_Generation = YES;
				INFOPLIST_KEY_UIApplicationSupportsIndirectInputEvents = YES;
				INFOPLIST_KEY_UILaunchScreen_Generation = YES;
				INFOPLIST_KEY_UISupportedInterfaceOrientations_iPad = "UIInterfaceOrientationPortrait UIInterfaceOrientationPortraitUpsideDown UIInterfaceOrientationLandscapeLeft UIInterfaceOrientationLandscapeRight";
				INFOPLIST_KEY_UISupportedInterfaceOrientations_iPhone = "UIInterfaceOrientationPortrait UIInterfaceOrientationLandscapeLeft UIInterfaceOrientationLandscapeRight";
				LD_RUNPATH_SEARCH_PATHS = (
					"$(inherited)",
					"@executable_path/Frameworks",
				);
				MARKETING_VERSION = 1.0;
				PRODUCT_BUNDLE_IDENTIFIER = hailey.VideoDemoClient;
				PRODUCT_NAME = "$(TARGET_NAME)";
				SWIFT_EMIT_LOC_STRINGS = YES;
				SWIFT_VERSION = 5.0;
				TARGETED_DEVICE_FAMILY = "1,2";
			};
			name = Release;
		};
/* End XCBuildConfiguration section */

/* Begin XCConfigurationList section */
		D28F11A82E88C61B009DD4AF /* Build configuration list for PBXProject "VideoDemoClient" */ = {
			isa = XCConfigurationList;
			buildConfigurations = (
				D28F11B82E88C61C009DD4AF /* Debug */,
				D28F11B92E88C61C009DD4AF /* Release */,
			);
			defaultConfigurationIsVisible = 0;
			defaultConfigurationName = Release;
		};
		D28F11BA2E88C61C009DD4AF /* Build configuration list for PBXNativeTarget "VideoDemoClient" */ = {
			isa = XCConfigurationList;
			buildConfigurations = (
				D28F11BB2E88C61C009DD4AF /* Debug */,
				D28F11BC2E88C61C009DD4AF /* Release */,
			);
			defaultConfigurationIsVisible = 0;
			defaultConfigurationName = Release;
		};
/* End XCConfigurationList section */

/* Begin XCRemoteSwiftPackageReference section */
		D24083312E89D8DD00A4EAF9 /* XCRemoteSwiftPackageReference "WebRTC" */ = {
			isa = XCRemoteSwiftPackageReference;
			repositoryURL = "https://github.com/stasel/WebRTC.git";
			requirement = {
				kind = upToNextMajorVersion;
				minimumVersion = 140.0.0;
			};
		};
		D24083512E89DE5900A4EAF9 /* XCRemoteSwiftPackageReference "grpc-swift-2" */ = {
			isa = XCRemoteSwiftPackageReference;
			repositoryURL = "https://github.com/grpc/grpc-swift-2.git";
			requirement = {
				kind = upToNextMajorVersion;
				minimumVersion = 2.1.0;
			};
		};
		D24083582E89DE7700A4EAF9 /* XCRemoteSwiftPackageReference "grpc-swift-nio-transport" */ = {
			isa = XCRemoteSwiftPackageReference;
			repositoryURL = "https://github.com/grpc/grpc-swift-nio-transport.git";
			requirement = {
				kind = upToNextMajorVersion;
				minimumVersion = 2.2.0;
			};
		};
		D240835F2E89E00A00A4EAF9 /* XCRemoteSwiftPackageReference "grpc-swift-protobuf" */ = {
			isa = XCRemoteSwiftPackageReference;
			repositoryURL = "https://github.com/grpc/grpc-swift-protobuf";
			requirement = {
				kind = upToNextMajorVersion;
				minimumVersion = 2.1.1;
			};
		};
		D27BCBDE2E89CF6500AD204E /* XCRemoteSwiftPackageReference "swift-nio" */ = {
			isa = XCRemoteSwiftPackageReference;
			repositoryURL = "https://github.com/apple/swift-nio.git";
			requirement = {
				kind = upToNextMajorVersion;
				minimumVersion = 2.86.2;
			};
		};
/* End XCRemoteSwiftPackageReference section */

/* Begin XCSwiftPackageProductDependency section */
		D24083322E89D8DD00A4EAF9 /* WebRTC */ = {
			isa = XCSwiftPackageProductDependency;
			package = D24083312E89D8DD00A4EAF9 /* XCRemoteSwiftPackageReference "WebRTC" */;
			productName = WebRTC;
		};
		D24083522E89DE5900A4EAF9 /* GRPCCodeGen */ = {
			isa = XCSwiftPackageProductDependency;
			package = D24083512E89DE5900A4EAF9 /* XCRemoteSwiftPackageReference "grpc-swift-2" */;
			productName = GRPCCodeGen;
		};
		D24083542E89DE5900A4EAF9 /* GRPCCore */ = {
			isa = XCSwiftPackageProductDependency;
			package = D24083512E89DE5900A4EAF9 /* XCRemoteSwiftPackageReference "grpc-swift-2" */;
			productName = GRPCCore;
		};
		D24083562E89DE5900A4EAF9 /* GRPCInProcessTransport */ = {
			isa = XCSwiftPackageProductDependency;
			package = D24083512E89DE5900A4EAF9 /* XCRemoteSwiftPackageReference "grpc-swift-2" */;
			productName = GRPCInProcessTransport;
		};
		D24083592E89DE7700A4EAF9 /* GRPCNIOTransportHTTP2 */ = {
			isa = XCSwiftPackageProductDependency;
			package = D24083582E89DE7700A4EAF9 /* XCRemoteSwiftPackageReference "grpc-swift-nio-transport" */;
			productName = GRPCNIOTransportHTTP2;
		};
		D240835B2E89DE7700A4EAF9 /* GRPCNIOTransportHTTP2Posix */ = {
			isa = XCSwiftPackageProductDependency;
			package = D24083582E89DE7700A4EAF9 /* XCRemoteSwiftPackageReference "grpc-swift-nio-transport" */;
			productName = GRPCNIOTransportHTTP2Posix;
		};
		D240835D2E89DE7700A4EAF9 /* GRPCNIOTransportHTTP2TransportServices */ = {
			isa = XCSwiftPackageProductDependency;
			package = D24083582E89DE7700A4EAF9 /* XCRemoteSwiftPackageReference "grpc-swift-nio-transport" */;
			productName = GRPCNIOTransportHTTP2TransportServices;
		};
		D24083602E89E00A00A4EAF9 /* GRPCProtobuf */ = {
			isa = XCSwiftPackageProductDependency;
			package = D240835F2E89E00A00A4EAF9 /* XCRemoteSwiftPackageReference "grpc-swift-protobuf" */;
			productName = GRPCProtobuf;
		};
		D27BCBDF2E89CF6500AD204E /* NIO */ = {
			isa = XCSwiftPackageProductDependency;
			package = D27BCBDE2E89CF6500AD204E /* XCRemoteSwiftPackageReference "swift-nio" */;
			productName = NIO;
		};
		D27BCBE12E89CF6500AD204E /* NIOConcurrencyHelpers */ = {
			isa = XCSwiftPackageProductDependency;
			package = D27BCBDE2E89CF6500AD204E /* XCRemoteSwiftPackageReference "swift-nio" */;
			productName = NIOConcurrencyHelpers;
		};
		D27BCBE32E89CF6500AD204E /* NIOCore */ = {
			isa = XCSwiftPackageProductDependency;
			package = D27BCBDE2E89CF6500AD204E /* XCRemoteSwiftPackageReference "swift-nio" */;
			productName = NIOCore;
		};
		D27BCBE52E89CF6500AD204E /* NIOEmbedded */ = {
			isa = XCSwiftPackageProductDependency;
			package = D27BCBDE2E89CF6500AD204E /* XCRemoteSwiftPackageReference "swift-nio" */;
			productName = NIOEmbedded;
		};
		D27BCBE72E89CF6500AD204E /* NIOFoundationCompat */ = {
			isa = XCSwiftPackageProductDependency;
			package = D27BCBDE2E89CF6500AD204E /* XCRemoteSwiftPackageReference "swift-nio" */;
			productName = NIOFoundationCompat;
		};
/* End XCSwiftPackageProductDependency section */
	};
	rootObject = D28F11A52E88C61B009DD4AF /* Project object */;
}
